{
  "name": "octicons_gem",
  "version": "4.0.2",
  "lockfileVersion": 1,
  "requires": true,
  "dependencies": {
    "object-assign": {
      "version": "4.1.1",
      "resolved": "https://registry.npmjs.org/object-assign/-/object-assign-4.1.1.tgz",
      "integrity": "sha1-IQmtx5ZYh8/AXLvUQsrIv7s2CGM="
    },
    "octicons": {
      "version": "6.0.1",
      "resolved": "https://registry.npmjs.org/octicons/-/octicons-6.0.1.tgz",
      "integrity": "sha512-NaLn2khboD1Teg2TGQnu618FbmMedt19XKy9EaRNirBK36U/HntlvwgDvAkxgUien+f8NUeKBpBunxweIK4cCQ==",
      "requires": {
        "object-assign": "4.1.1"
      }
    }
  }
}
